
Microsoft Visual Studio Solution File, Format Version 12.00
# Visual Studio 2012
Project("{FAE04EC0-301F-11D3-BF4B-00C04F79EFBC}") = "UNIJORGEWeb", "UNIJORGEWeb\UNIJORGEWeb.csproj", "{C6EE7441-912E-431C-B495-D1BE57F40037}"
EndProject
Project("{FAE04EC0-301F-11D3-BF4B-00C04F79EFBC}") = "BLL", "BLL\BLL.csproj", "{A313D36B-E814-454F-9285-3BA5073D1101}"
EndProject
Project("{FAE04EC0-301F-11D3-BF4B-00C04F79EFBC}") = "DTO", "DTO\DTO.csproj", "{F3FAFEAC-9ED0-4AB5-BBA5-6AF251436DCB}"
EndProject
Project("{FAE04EC0-301F-11D3-BF4B-00C04F79EFBC}") = "DAL", "DAL\DAL.csproj", "{79BFF29D-BB3F-4030-AB11-4689E616F1BB}"
EndProject
Project("{FAE04EC0-301F-11D3-BF4B-00C04F79EFBC}") = "UNIJORGEDesktop", "UNIJORGEDesktop\UNIJORGEDesktop.csproj", "{F51AC084-555F-4DE4-9499-ED9B41F0460A}"
EndProject
Global
	GlobalSection(SolutionConfigurationPlatforms) = preSolution
		Debug|Any CPU = Debug|Any CPU
		Release|Any CPU = Release|Any CPU
	EndGlobalSection
	GlobalSection(ProjectConfigurationPlatforms) = postSolution
		{C6EE7441-912E-431C-B495-D1BE57F40037}.Debug|Any CPU.ActiveCfg = Debug|Any CPU
		{C6EE7441-912E-431C-B495-D1BE57F40037}.Debug|Any CPU.Build.0 = Debug|Any CPU
		{C6EE7441-912E-431C-B495-D1BE57F40037}.Release|Any CPU.ActiveCfg = Release|Any CPU
		{C6EE7441-912E-431C-B495-D1BE57F40037}.Release|Any CPU.Build.0 = Release|Any CPU
		{A313D36B-E814-454F-9285-3BA5073D1101}.Debug|Any CPU.ActiveCfg = Debug|Any CPU
		{A313D36B-E814-454F-9285-3BA5073D1101}.Debug|Any CPU.Build.0 = Debug|Any CPU
		{A313D36B-E814-454F-9285-3BA5073D1101}.Release|Any CPU.ActiveCfg = Release|Any CPU
		{A313D36B-E814-454F-9285-3BA5073D1101}.Release|Any CPU.Build.0 = Release|Any CPU
		{F3FAFEAC-9ED0-4AB5-BBA5-6AF251436DCB}.Debug|Any CPU.ActiveCfg = Debug|Any CPU
		{F3FAFEAC-9ED0-4AB5-BBA5-6AF251436DCB}.Debug|Any CPU.Build.0 = Debug|Any CPU
		{F3FAFEAC-9ED0-4AB5-BBA5-6AF251436DCB}.Release|Any CPU.ActiveCfg = Release|Any CPU
		{F3FAFEAC-9ED0-4AB5-BBA5-6AF251436DCB}.Release|Any CPU.Build.0 = Release|Any CPU
		{79BFF29D-BB3F-4030-AB11-4689E616F1BB}.Debug|Any CPU.ActiveCfg = Debug|Any CPU
		{79BFF29D-BB3F-4030-AB11-4689E616F1BB}.Debug|Any CPU.Build.0 = Debug|Any CPU
		{79BFF29D-BB3F-4030-AB11-4689E616F1BB}.Release|Any CPU.ActiveCfg = Release|Any CPU
		{79BFF29D-BB3F-4030-AB11-4689E616F1BB}.Release|Any CPU.Build.0 = Release|Any CPU
		{F51AC084-555F-4DE4-9499-ED9B41F0460A}.Debug|Any CPU.ActiveCfg = Debug|Any CPU
		{F51AC084-555F-4DE4-9499-ED9B41F0460A}.Debug|Any CPU.Build.0 = Debug|Any CPU
		{F51AC084-555F-4DE4-9499-ED9B41F0460A}.Release|Any CPU.ActiveCfg = Release|Any CPU
		{F51AC084-555F-4DE4-9499-ED9B41F0460A}.Release|Any CPU.Build.0 = Release|Any CPU
	EndGlobalSection
	GlobalSection(SolutionProperties) = preSolution
		HideSolutionNode = FALSE
	EndGlobalSection
EndGlobal
